<?xml version="1.0" encoding="UTF-8" standalone="yes" ?>
<CodeBlocks_project_file>
	<FileVersion major="1" minor="6" />
	<Project>
		<Option title="AO" />
		<Option pch_mode="2" />
		<Option compiler="gcc" />
		<Build>
			<Target title="Debug">
				<Option output="bin/Debug/AO" prefix_auto="1" extension_auto="1" />
				<Option object_output="obj/Debug/" />
				<Option type="1" />
				<Option compiler="gcc" />
				<Compiler>
					<Add option="-g" />
				</Compiler>
			</Target>
			<Target title="Release">
				<Option output="bin/Release/AO" prefix_auto="1" extension_auto="1" />
				<Option object_output="obj/Release/" />
				<Option type="1" />
				<Option compiler="gcc" />
				<Compiler>
					<Add option="-O2" />
				</Compiler>
				<Linker>
					<Add option="-s" />
				</Linker>
			</Target>
		</Build>
		<Compiler>
			<Add option="-Wall" />
			<Add option="-fexceptions" />
		</Compiler>
		<Unit filename="Lists.h" />
		<Unit filename="Str.h" />
		<Unit filename="ao.h" />
		<Unit filename="aoBST.h" />
		<Unit filename="aoBodyEntity.h" />
		<Unit filename="aoClock.h" />
		<Unit filename="aoConstant.h" />
		<Unit filename="aoEntity.h" />
		<Unit filename="aoEntityManager.h" />
		<Unit filename="aoFSM.h" />
		<Unit filename="aoIAABox.h" />
		<Unit filename="aoLine.h" />
		<Unit filename="aoList.h" />
		<Unit filename="aoMath.h" />
		<Unit filename="aoMesh.h" />
		<Unit filename="aoMovingEntity.h" />
		<Unit filename="aoRect.h" />
		<Unit filename="aoRefPtrHandle.h" />
		<Unit filename="aoRigidBody.h" />
		<Unit filename="aoShape.h" />
		<Unit filename="aoSorts.h" />
		<Unit filename="aoStack.h" />
		<Unit filename="aoTelegram.h" />
		<Unit filename="main.cpp" />
		<Unit filename="matrix2x2.h" />
		<Unit filename="matrix3x3.h" />
		<Unit filename="matrix4x4.h" />
		<Unit filename="quaternion.h" />
		<Unit filename="vector.h" />
		<Unit filename="vector2.h" />
		<Unit filename="vector3.h" />
		<Unit filename="vector4.h" />
		<Extensions>
			<code_completion />
			<debugger />
		</Extensions>
	</Project>
</CodeBlocks_project_file>
